<?xml version="1.0" encoding="utf-8"?>
<Project ToolsVersion="4.0" xmlns="http://schemas.microsoft.com/developer/msbuild/2003">
  <ItemGroup>
    <ClCompile Include="apicoc.cpp" />
    <ClCompile Include="clibrary.c" />
    <ClCompile Include="debug.c" />
    <ClCompile Include="expression.c" />
    <ClCompile Include="heap.c" />
    <ClCompile Include="include.c" />
    <ClCompile Include="lex.c" />
    <ClCompile Include="parse.c" />
    <ClCompile Include="picoc.c" />
    <ClCompile Include="platform.c" />
    <ClCompile Include="table.c" />
    <ClCompile Include="type.c" />
    <ClCompile Include="variable.c" />
    <ClCompile Include="platform\library_unix.c" />
    <ClCompile Include="platform\platform_unix.c" />
    <ClCompile Include="linenoise-ng\ConvertUTF.cpp" />
    <ClCompile Include="linenoise-ng\linenoise.cpp" />
    <ClCompile Include="linenoise-ng\wcwidth.cpp" />
    <ClCompile Include="cstdlib\ctype.c" />
    <ClCompile Include="cstdlib\errno.c" />
    <ClCompile Include="cstdlib\math.c" />
    <ClCompile Include="cstdlib\stdbool.c" />
    <ClCompile Include="cstdlib\stdio.c" />
    <ClCompile Include="cstdlib\stdlib.c" />
    <ClCompile Include="cstdlib\string.c" />
    <ClCompile Include="cstdlib\time.c" />
    <ClCompile Include="cstdlib\unistd.c" />
  </ItemGroup>
  <ItemGroup>
    <ClInclude Include="apicoc.h" />
    <ClInclude Include="pch.h" />
    <ClInclude Include="interpreter.h" />
    <ClInclude Include="picoc.h" />
    <ClInclude Include="platform.h" />
    <ClInclude Include="linenoise-ng\ConvertUTF.h" />
    <ClInclude Include="linenoise-ng\linenoise.h" />
  </ItemGroup>
</Project>